
Microsoft Visual Studio Solution File, Format Version 12.00
# Visual Studio Version 17
VisualStudioVersion = 17.1.32228.430
MinimumVisualStudioVersion = 10.0.40219.1
Project("{FAE04EC0-301F-11D3-BF4B-00C04F79EFBC}") = "MessagerMVC", "MessagerMVC\MessagerMVC.csproj", "{1431D8A8-0D76-4D66-BE41-26D2EA51A128}"
EndProject
Global
	GlobalSection(SolutionConfigurationPlatforms) = preSolution
		Debug|Any CPU = Debug|Any CPU
		Release|Any CPU = Release|Any CPU
	EndGlobalSection
	GlobalSection(ProjectConfigurationPlatforms) = postSolution
		{1431D8A8-0D76-4D66-BE41-26D2EA51A128}.Debug|Any CPU.ActiveCfg = Debug|Any CPU
		{1431D8A8-0D76-4D66-BE41-26D2EA51A128}.Debug|Any CPU.Build.0 = Debug|Any CPU
		{1431D8A8-0D76-4D66-BE41-26D2EA51A128}.Release|Any CPU.ActiveCfg = Release|Any CPU
		{1431D8A8-0D76-4D66-BE41-26D2EA51A128}.Release|Any CPU.Build.0 = Release|Any CPU
	EndGlobalSection
	GlobalSection(SolutionProperties) = preSolution
		HideSolutionNode = FALSE
	EndGlobalSection
	GlobalSection(ExtensibilityGlobals) = postSolution
		SolutionGuid = {7E0EC9FF-7CF7-451A-92EE-F02E522F423C}
	EndGlobalSection
EndGlobal
